// !$*UTF8*$!
{
	archiveVersion = 1;
	classes = {
	};
	objectVersion = 50;
	objects = {

/* Begin PBXBuildFile section */
		7D2C585825E3405C001B5847 /* AppDelegate.swift in Sources */ = {isa = PBXBuildFile; fileRef = 7D2C585725E3405C001B5847 /* AppDelegate.swift */; };
		7D2C585A25E3405C001B5847 /* SceneDelegate.swift in Sources */ = {isa = PBXBuildFile; fileRef = 7D2C585925E3405C001B5847 /* SceneDelegate.swift */; };
		7D2C585C25E3405C001B5847 /* ViewController.swift in Sources */ = {isa = PBXBuildFile; fileRef = 7D2C585B25E3405C001B5847 /* ViewController.swift */; };
		7D2C585F25E3405C001B5847 /* Main.storyboard in Resources */ = {isa = PBXBuildFile; fileRef = 7D2C585D25E3405C001B5847 /* Main.storyboard */; };
		7D2C586125E3405C001B5847 /* Assets.xcassets in Resources */ = {isa = PBXBuildFile; fileRef = 7D2C586025E3405C001B5847 /* Assets.xcassets */; };
		7D2C586425E3405C001B5847 /* LaunchScreen.storyboard in Resources */ = {isa = PBXBuildFile; fileRef = 7D2C586225E3405C001B5847 /* LaunchScreen.storyboard */; };
		7D2C586F25E3405C001B5847 /* ExcerciseCatsTests.swift in Sources */ = {isa = PBXBuildFile; fileRef = 7D2C586E25E3405C001B5847 /* ExcerciseCatsTests.swift */; };
		7D2C587A25E3405C001B5847 /* ExcerciseCatsUITests.swift in Sources */ = {isa = PBXBuildFile; fileRef = 7D2C587925E3405C001B5847 /* ExcerciseCatsUITests.swift */; };
		7D7850E125EAE66300302087 /* MessingAround.swift in Sources */ = {isa = PBXBuildFile; fileRef = 7D7850E025EAE66300302087 /* MessingAround.swift */; };
		7D7850EB25EB3D2200302087 /* Secrets.swift in Sources */ = {isa = PBXBuildFile; fileRef = 7D7850EA25EB3D2200302087 /* Secrets.swift */; };
		7D90E8C325E35CCF00AB18DC /* NetworkingLayer.swift in Sources */ = {isa = PBXBuildFile; fileRef = 7D90E8C225E35CCF00AB18DC /* NetworkingLayer.swift */; };
/* End PBXBuildFile section */

/* Begin PBXContainerItemProxy section */
		7D2C586B25E3405C001B5847 /* PBXContainerItemProxy */ = {
			isa = PBXContainerItemProxy;
			containerPortal = 7D2C584C25E3405C001B5847 /* Project object */;
			proxyType = 1;
			remoteGlobalIDString = 7D2C585325E3405C001B5847;
			remoteInfo = ExcerciseCats;
		};
		7D2C587625E3405C001B5847 /* PBXContainerItemProxy */ = {
			isa = PBXContainerItemProxy;
			containerPortal = 7D2C584C25E3405C001B5847 /* Project object */;
			proxyType = 1;
			remoteGlobalIDString = 7D2C585325E3405C001B5847;
			remoteInfo = ExcerciseCats;
		};
/* End PBXContainerItemProxy section */

/* Begin PBXFileReference section */
		7D2C585425E3405C001B5847 /* ExcerciseCats.app */ = {isa = PBXFileReference; explicitFileType = wrapper.application; includeInIndex = 0; path = ExcerciseCats.app; sourceTree = BUILT_PRODUCTS_DIR; };
		7D2C585725E3405C001B5847 /* AppDelegate.swift */ = {isa = PBXFileReference; lastKnownFileType = sourcecode.swift; path = AppDelegate.swift; sourceTree = "<group>"; };
		7D2C585925E3405C001B5847 /* SceneDelegate.swift */ = {isa = PBXFileReference; lastKnownFileType = sourcecode.swift; path = SceneDelegate.swift; sourceTree = "<group>"; };
		7D2C585B25E3405C001B5847 /* ViewController.swift */ = {isa = PBXFileReference; lastKnownFileType = sourcecode.swift; path = ViewController.swift; sourceTree = "<group>"; };
		7D2C585E25E3405C001B5847 /* Base */ = {isa = PBXFileReference; lastKnownFileType = file.storyboard; name = Base; path = Base.lproj/Main.storyboard; sourceTree = "<group>"; };
		7D2C586025E3405C001B5847 /* Assets.xcassets */ = {isa = PBXFileReference; lastKnownFileType = folder.assetcatalog; path = Assets.xcassets; sourceTree = "<group>"; };
		7D2C586325E3405C001B5847 /* Base */ = {isa = PBXFileReference; lastKnownFileType = file.storyboard; name = Base; path = Base.lproj/LaunchScreen.storyboard; sourceTree = "<group>"; };
		7D2C586525E3405C001B5847 /* Info.plist */ = {isa = PBXFileReference; lastKnownFileType = text.plist.xml; path = Info.plist; sourceTree = "<group>"; };
		7D2C586A25E3405C001B5847 /* ExcerciseCatsTests.xctest */ = {isa = PBXFileReference; explicitFileType = wrapper.cfbundle; includeInIndex = 0; path = ExcerciseCatsTests.xctest; sourceTree = BUILT_PRODUCTS_DIR; };
		7D2C586E25E3405C001B5847 /* ExcerciseCatsTests.swift */ = {isa = PBXFileReference; lastKnownFileType = sourcecode.swift; path = ExcerciseCatsTests.swift; sourceTree = "<group>"; };
		7D2C587025E3405C001B5847 /* Info.plist */ = {isa = PBXFileReference; lastKnownFileType = text.plist.xml; path = Info.plist; sourceTree = "<group>"; };
		7D2C587525E3405C001B5847 /* ExcerciseCatsUITests.xctest */ = {isa = PBXFileReference; explicitFileType = wrapper.cfbundle; includeInIndex = 0; path = ExcerciseCatsUITests.xctest; sourceTree = BUILT_PRODUCTS_DIR; };
		7D2C587925E3405C001B5847 /* ExcerciseCatsUITests.swift */ = {isa = PBXFileReference; lastKnownFileType = sourcecode.swift; path = ExcerciseCatsUITests.swift; sourceTree = "<group>"; };
		7D2C587B25E3405C001B5847 /* Info.plist */ = {isa = PBXFileReference; lastKnownFileType = text.plist.xml; path = Info.plist; sourceTree = "<group>"; };
		7D7850E025EAE66300302087 /* MessingAround.swift */ = {isa = PBXFileReference; lastKnownFileType = sourcecode.swift; path = MessingAround.swift; sourceTree = "<group>"; };
		7D7850EA25EB3D2200302087 /* Secrets.swift */ = {isa = PBXFileReference; lastKnownFileType = sourcecode.swift; path = Secrets.swift; sourceTree = "<group>"; };
		7D90E8C225E35CCF00AB18DC /* NetworkingLayer.swift */ = {isa = PBXFileReference; lastKnownFileType = sourcecode.swift; path = NetworkingLayer.swift; sourceTree = "<group>"; };
/* End PBXFileReference section */

/* Begin PBXFrameworksBuildPhase section */
		7D2C585125E3405C001B5847 /* Frameworks */ = {
			isa = PBXFrameworksBuildPhase;
			buildActionMask = 2147483647;
			files = (
			);
			runOnlyForDeploymentPostprocessing = 0;
		};
		7D2C586725E3405C001B5847 /* Frameworks */ = {
			isa = PBXFrameworksBuildPhase;
			buildActionMask = 2147483647;
			files = (
			);
			runOnlyForDeploymentPostprocessing = 0;
		};
		7D2C587225E3405C001B5847 /* Frameworks */ = {
			isa = PBXFrameworksBuildPhase;
			buildActionMask = 2147483647;
			files = (
			);
			runOnlyForDeploymentPostprocessing = 0;
		};
/* End PBXFrameworksBuildPhase section */

/* Begin PBXGroup section */
		7D2C584B25E3405C001B5847 = {
			isa = PBXGroup;
			children = (
				7D2C585625E3405C001B5847 /* ExcerciseCats */,
				7D2C586D25E3405C001B5847 /* ExcerciseCatsTests */,
				7D2C587825E3405C001B5847 /* ExcerciseCatsUITests */,
				7D2C585525E3405C001B5847 /* Products */,
			);
			sourceTree = "<group>";
		};
		7D2C585525E3405C001B5847 /* Products */ = {
			isa = PBXGroup;
			children = (
				7D2C585425E3405C001B5847 /* ExcerciseCats.app */,
				7D2C586A25E3405C001B5847 /* ExcerciseCatsTests.xctest */,
				7D2C587525E3405C001B5847 /* ExcerciseCatsUITests.xctest */,
			);
			name = Products;
			sourceTree = "<group>";
		};
		7D2C585625E3405C001B5847 /* ExcerciseCats */ = {
			isa = PBXGroup;
			children = (
				7D2C585725E3405C001B5847 /* AppDelegate.swift */,
				7D2C585925E3405C001B5847 /* SceneDelegate.swift */,
				7D2C585B25E3405C001B5847 /* ViewController.swift */,
				7D2C585D25E3405C001B5847 /* Main.storyboard */,
				7D2C586025E3405C001B5847 /* Assets.xcassets */,
				7D2C586225E3405C001B5847 /* LaunchScreen.storyboard */,
				7D2C586525E3405C001B5847 /* Info.plist */,
				7D90E8C225E35CCF00AB18DC /* NetworkingLayer.swift */,
				7D7850E025EAE66300302087 /* MessingAround.swift */,
				7D7850EA25EB3D2200302087 /* Secrets.swift */,
			);
			path = ExcerciseCats;
			sourceTree = "<group>";
		};
		7D2C586D25E3405C001B5847 /* ExcerciseCatsTests */ = {
			isa = PBXGroup;
			children = (
				7D2C586E25E3405C001B5847 /* ExcerciseCatsTests.swift */,
				7D2C587025E3405C001B5847 /* Info.plist */,
			);
			path = ExcerciseCatsTests;
			sourceTree = "<group>";
		};
		7D2C587825E3405C001B5847 /* ExcerciseCatsUITests */ = {
			isa = PBXGroup;
			children = (
				7D2C587925E3405C001B5847 /* ExcerciseCatsUITests.swift */,
				7D2C587B25E3405C001B5847 /* Info.plist */,
			);
			path = ExcerciseCatsUITests;
			sourceTree = "<group>";
		};
/* End PBXGroup section */

/* Begin PBXNativeTarget section */
		7D2C585325E3405C001B5847 /* ExcerciseCats */ = {
			isa = PBXNativeTarget;
			buildConfigurationList = 7D2C587E25E3405C001B5847 /* Build configuration list for PBXNativeTarget "ExcerciseCats" */;
			buildPhases = (
				7D2C585025E3405C001B5847 /* Sources */,
				7D2C585125E3405C001B5847 /* Frameworks */,
				7D2C585225E3405C001B5847 /* Resources */,
			);
			buildRules = (
			);
			dependencies = (
			);
			name = ExcerciseCats;
			productName = ExcerciseCats;
			productReference = 7D2C585425E3405C001B5847 /* ExcerciseCats.app */;
			productType = "com.apple.product-type.application";
		};
		7D2C586925E3405C001B5847 /* ExcerciseCatsTests */ = {
			isa = PBXNativeTarget;
			buildConfigurationList = 7D2C588125E3405C001B5847 /* Build configuration list for PBXNativeTarget "ExcerciseCatsTests" */;
			buildPhases = (
				7D2C586625E3405C001B5847 /* Sources */,
				7D2C586725E3405C001B5847 /* Frameworks */,
				7D2C586825E3405C001B5847 /* Resources */,
			);
			buildRules = (
			);
			dependencies = (
				7D2C586C25E3405C001B5847 /* PBXTargetDependency */,
			);
			name = ExcerciseCatsTests;
			productName = ExcerciseCatsTests;
			productReference = 7D2C586A25E3405C001B5847 /* ExcerciseCatsTests.xctest */;
			productType = "com.apple.product-type.bundle.unit-test";
		};
		7D2C587425E3405C001B5847 /* ExcerciseCatsUITests */ = {
			isa = PBXNativeTarget;
			buildConfigurationList = 7D2C588425E3405C001B5847 /* Build configuration list for PBXNativeTarget "ExcerciseCatsUITests" */;
			buildPhases = (
				7D2C587125E3405C001B5847 /* Sources */,
				7D2C587225E3405C001B5847 /* Frameworks */,
				7D2C587325E3405C001B5847 /* Resources */,
			);
			buildRules = (
			);
			dependencies = (
				7D2C587725E3405C001B5847 /* PBXTargetDependency */,
			);
			name = ExcerciseCatsUITests;
			productName = ExcerciseCatsUITests;
			productReference = 7D2C587525E3405C001B5847 /* ExcerciseCatsUITests.xctest */;
			productType = "com.apple.product-type.bundle.ui-testing";
		};
/* End PBXNativeTarget section */

/* Begin PBXProject section */
		7D2C584C25E3405C001B5847 /* Project object */ = {
			isa = PBXProject;
			attributes = {
				LastSwiftUpdateCheck = 1240;
				LastUpgradeCheck = 1240;
				TargetAttributes = {
					7D2C585325E3405C001B5847 = {
						CreatedOnToolsVersion = 12.4;
					};
					7D2C586925E3405C001B5847 = {
						CreatedOnToolsVersion = 12.4;
						TestTargetID = 7D2C585325E3405C001B5847;
					};
					7D2C587425E3405C001B5847 = {
						CreatedOnToolsVersion = 12.4;
						TestTargetID = 7D2C585325E3405C001B5847;
					};
				};
			};
			buildConfigurationList = 7D2C584F25E3405C001B5847 /* Build configuration list for PBXProject "ExcerciseCats" */;
			compatibilityVersion = "Xcode 9.3";
			developmentRegion = en;
			hasScannedForEncodings = 0;
			knownRegions = (
				en,
				Base,
			);
			mainGroup = 7D2C584B25E3405C001B5847;
			productRefGroup = 7D2C585525E3405C001B5847 /* Products */;
			projectDirPath = "";
			projectRoot = "";
			targets = (
				7D2C585325E3405C001B5847 /* ExcerciseCats */,
				7D2C586925E3405C001B5847 /* ExcerciseCatsTests */,
				7D2C587425E3405C001B5847 /* ExcerciseCatsUITests */,
			);
		};
/* End PBXProject section */

/* Begin PBXResourcesBuildPhase section */
		7D2C585225E3405C001B5847 /* Resources */ = {
			isa = PBXResourcesBuildPhase;
			buildActionMask = 2147483647;
			files = (
				7D2C586425E3405C001B5847 /* LaunchScreen.storyboard in Resources */,
				7D2C586125E3405C001B5847 /* Assets.xcassets in Resources */,
				7D2C585F25E3405C001B5847 /* Main.storyboard in Resources */,
			);
			runOnlyForDeploymentPostprocessing = 0;
		};
		7D2C586825E3405C001B5847 /* Resources */ = {
			isa = PBXResourcesBuildPhase;
			buildActionMask = 2147483647;
			files = (
			);
			runOnlyForDeploymentPostprocessing = 0;
		};
		7D2C587325E3405C001B5847 /* Resources */ = {
			isa = PBXResourcesBuildPhase;
			buildActionMask = 2147483647;
			files = (
			);
			runOnlyForDeploymentPostprocessing = 0;
		};
/* End PBXResourcesBuildPhase section */

/* Begin PBXSourcesBuildPhase section */
		7D2C585025E3405C001B5847 /* Sources */ = {
			isa = PBXSourcesBuildPhase;
			buildActionMask = 2147483647;
			files = (
				7D2C585C25E3405C001B5847 /* ViewController.swift in Sources */,
				7D7850EB25EB3D2200302087 /* Secrets.swift in Sources */,
				7D90E8C325E35CCF00AB18DC /* NetworkingLayer.swift in Sources */,
				7D7850E125EAE66300302087 /* MessingAround.swift in Sources */,
				7D2C585825E3405C001B5847 /* AppDelegate.swift in Sources */,
				7D2C585A25E3405C001B5847 /* SceneDelegate.swift in Sources */,
			);
			runOnlyForDeploymentPostprocessing = 0;
		};
		7D2C586625E3405C001B5847 /* Sources */ = {
			isa = PBXSourcesBuildPhase;
			buildActionMask = 2147483647;
			files = (
				7D2C586F25E3405C001B5847 /* ExcerciseCatsTests.swift in Sources */,
			);
			runOnlyForDeploymentPostprocessing = 0;
		};
		7D2C587125E3405C001B5847 /* Sources */ = {
			isa = PBXSourcesBuildPhase;
			buildActionMask = 2147483647;
			files = (
				7D2C587A25E3405C001B5847 /* ExcerciseCatsUITests.swift in Sources */,
			);
			runOnlyForDeploymentPostprocessing = 0;
		};
/* End PBXSourcesBuildPhase section */

/* Begin PBXTargetDependency section */
		7D2C586C25E3405C001B5847 /* PBXTargetDependency */ = {
			isa = PBXTargetDependency;
			target = 7D2C585325E3405C001B5847 /* ExcerciseCats */;
			targetProxy = 7D2C586B25E3405C001B5847 /* PBXContainerItemProxy */;
		};
		7D2C587725E3405C001B5847 /* PBXTargetDependency */ = {
			isa = PBXTargetDependency;
			target = 7D2C585325E3405C001B5847 /* ExcerciseCats */;
			targetProxy = 7D2C587625E3405C001B5847 /* PBXContainerItemProxy */;
		};
/* End PBXTargetDependency section */

/* Begin PBXVariantGroup section */
		7D2C585D25E3405C001B5847 /* Main.storyboard */ = {
			isa = PBXVariantGroup;
			children = (
				7D2C585E25E3405C001B5847 /* Base */,
			);
			name = Main.storyboard;
			sourceTree = "<group>";
		};
		7D2C586225E3405C001B5847 /* LaunchScreen.storyboard */ = {
			isa = PBXVariantGroup;
			children = (
				7D2C586325E3405C001B5847 /* Base */,
			);
			name = LaunchScreen.storyboard;
			sourceTree = "<group>";
		};
/* End PBXVariantGroup section */

/* Begin XCBuildConfiguration section */
		7D2C587C25E3405C001B5847 /* Debug */ = {
			isa = XCBuildConfiguration;
			buildSettings = {
				ALWAYS_SEARCH_USER_PATHS = NO;
				CLANG_ANALYZER_NONNULL = YES;
				CLANG_ANALYZER_NUMBER_OBJECT_CONVERSION = YES_AGGRESSIVE;
				CLANG_CXX_LANGUAGE_STANDARD = "gnu++14";
				CLANG_CXX_LIBRARY = "libc++";
				CLANG_ENABLE_MODULES = YES;
				CLANG_ENABLE_OBJC_ARC = YES;
				CLANG_ENABLE_OBJC_WEAK = YES;
				CLANG_WARN_BLOCK_CAPTURE_AUTORELEASING = YES;
				CLANG_WARN_BOOL_CONVERSION = YES;
				CLANG_WARN_COMMA = YES;
				CLANG_WARN_CONSTANT_CONVERSION = YES;
				CLANG_WARN_DEPRECATED_OBJC_IMPLEMENTATIONS = YES;
				CLANG_WARN_DIRECT_OBJC_ISA_USAGE = YES_ERROR;
				CLANG_WARN_DOCUMENTATION_COMMENTS = YES;
				CLANG_WARN_EMPTY_BODY = YES;
				CLANG_WARN_ENUM_CONVERSION = YES;
				CLANG_WARN_INFINITE_RECURSION = YES;
				CLANG_WARN_INT_CONVERSION = YES;
				CLANG_WARN_NON_LITERAL_NULL_CONVERSION = YES;
				CLANG_WARN_OBJC_IMPLICIT_RETAIN_SELF = YES;
				CLANG_WARN_OBJC_LITERAL_CONVERSION = YES;
				CLANG_WARN_OBJC_ROOT_CLASS = YES_ERROR;
				CLANG_WARN_QUOTED_INCLUDE_IN_FRAMEWORK_HEADER = YES;
				CLANG_WARN_RANGE_LOOP_ANALYSIS = YES;
				CLANG_WARN_STRICT_PROTOTYPES = YES;
				CLANG_WARN_SUSPICIOUS_MOVE = YES;
				CLANG_WARN_UNGUARDED_AVAILABILITY = YES_AGGRESSIVE;
				CLANG_WARN_UNREACHABLE_CODE = YES;
				CLANG_WARN__DUPLICATE_METHOD_MATCH = YES;
				COPY_PHASE_STRIP = NO;
				DEBUG_INFORMATION_FORMAT = dwarf;
				ENABLE_STRICT_OBJC_MSGSEND = YES;
				ENABLE_TESTABILITY = YES;
				GCC_C_LANGUAGE_STANDARD = gnu11;
				GCC_DYNAMIC_NO_PIC = NO;
				GCC_NO_COMMON_BLOCKS = YES;
				GCC_OPTIMIZATION_LEVEL = 0;
				GCC_PREPROCESSOR_DEFINITIONS = (
					"DEBUG=1",
					"$(inherited)",
				);
				GCC_WARN_64_TO_32_BIT_CONVERSION = YES;
				GCC_WARN_ABOUT_RETURN_TYPE = YES_ERROR;
				GCC_WARN_UNDECLARED_SELECTOR = YES;
				GCC_WARN_UNINITIALIZED_AUTOS = YES_AGGRESSIVE;
				GCC_WARN_UNUSED_FUNCTION = YES;
				GCC_WARN_UNUSED_VARIABLE = YES;
				IPHONEOS_DEPLOYMENT_TARGET = 14.4;
				MTL_ENABLE_DEBUG_INFO = INCLUDE_SOURCE;
				MTL_FAST_MATH = YES;
				ONLY_ACTIVE_ARCH = YES;
				SDKROOT = iphoneos;
				SWIFT_ACTIVE_COMPILATION_CONDITIONS = DEBUG;
				SWIFT_OPTIMIZATION_LEVEL = "-Onone";
			};
			name = Debug;
		};
		7D2C587D25E3405C001B5847 /* Release */ = {
			isa = XCBuildConfiguration;
			buildSettings = {
				ALWAYS_SEARCH_USER_PATHS = NO;
				CLANG_ANALYZER_NONNULL = YES;
				CLANG_ANALYZER_NUMBER_OBJECT_CONVERSION = YES_AGGRESSIVE;
				CLANG_CXX_LANGUAGE_STANDARD = "gnu++14";
				CLANG_CXX_LIBRARY = "libc++";
				CLANG_ENABLE_MODULES = YES;
				CLANG_ENABLE_OBJC_ARC = YES;
				CLANG_ENABLE_OBJC_WEAK = YES;
				CLANG_WARN_BLOCK_CAPTURE_AUTORELEASING = YES;
				CLANG_WARN_BOOL_CONVERSION = YES;
				CLANG_WARN_COMMA = YES;
				CLANG_WARN_CONSTANT_CONVERSION = YES;
				CLANG_WARN_DEPRECATED_OBJC_IMPLEMENTATIONS = YES;
				CLANG_WARN_DIRECT_OBJC_ISA_USAGE = YES_ERROR;
				CLANG_WARN_DOCUMENTATION_COMMENTS = YES;
				CLANG_WARN_EMPTY_BODY = YES;
				CLANG_WARN_ENUM_CONVERSION = YES;
				CLANG_WARN_INFINITE_RECURSION = YES;
				CLANG_WARN_INT_CONVERSION = YES;
				CLANG_WARN_NON_LITERAL_NULL_CONVERSION = YES;
				CLANG_WARN_OBJC_IMPLICIT_RETAIN_SELF = YES;
				CLANG_WARN_OBJC_LITERAL_CONVERSION = YES;
				CLANG_WARN_OBJC_ROOT_CLASS = YES_ERROR;
				CLANG_WARN_QUOTED_INCLUDE_IN_FRAMEWORK_HEADER = YES;
				CLANG_WARN_RANGE_LOOP_ANALYSIS = YES;
				CLANG_WARN_STRICT_PROTOTYPES = YES;
				CLANG_WARN_SUSPICIOUS_MOVE = YES;
				CLANG_WARN_UNGUARDED_AVAILABILITY = YES_AGGRESSIVE;
				CLANG_WARN_UNREACHABLE_CODE = YES;
				CLANG_WARN__DUPLICATE_METHOD_MATCH = YES;
				COPY_PHASE_STRIP = NO;
				DEBUG_INFORMATION_FORMAT = "dwarf-with-dsym";
				ENABLE_NS_ASSERTIONS = NO;
				ENABLE_STRICT_OBJC_MSGSEND = YES;
				GCC_C_LANGUAGE_STANDARD = gnu11;
				GCC_NO_COMMON_BLOCKS = YES;
				GCC_WARN_64_TO_32_BIT_CONVERSION = YES;
				GCC_WARN_ABOUT_RETURN_TYPE = YES_ERROR;
				GCC_WARN_UNDECLARED_SELECTOR = YES;
				GCC_WARN_UNINITIALIZED_AUTOS = YES_AGGRESSIVE;
				GCC_WARN_UNUSED_FUNCTION = YES;
				GCC_WARN_UNUSED_VARIABLE = YES;
				IPHONEOS_DEPLOYMENT_TARGET = 14.4;
				MTL_ENABLE_DEBUG_INFO = NO;
				MTL_FAST_MATH = YES;
				SDKROOT = iphoneos;
				SWIFT_COMPILATION_MODE = wholemodule;
				SWIFT_OPTIMIZATION_LEVEL = "-O";
				VALIDATE_PRODUCT = YES;
			};
			name = Release;
		};
		7D2C587F25E3405C001B5847 /* Debug */ = {
			isa = XCBuildConfiguration;
			buildSettings = {
				ASSETCATALOG_COMPILER_APPICON_NAME = AppIcon;
				ASSETCATALOG_COMPILER_GLOBAL_ACCENT_COLOR_NAME = AccentColor;
				CODE_SIGN_STYLE = Automatic;
				DEVELOPMENT_TEAM = Z9GA5RZ6RJ;
				INFOPLIST_FILE = ExcerciseCats/Info.plist;
				LD_RUNPATH_SEARCH_PATHS = (
					"$(inherited)",
					"@executable_path/Frameworks",
				);
				PRODUCT_BUNDLE_IDENTIFIER = com.gamesmith.ExcerciseCats;
				PRODUCT_NAME = "$(TARGET_NAME)";
				SWIFT_VERSION = 5.0;
				TARGETED_DEVICE_FAMILY = "1,2";
			};
			name = Debug;
		};
		7D2C588025E3405C001B5847 /* Release */ = {
			isa = XCBuildConfiguration;
			buildSettings = {
				ASSETCATALOG_COMPILER_APPICON_NAME = AppIcon;
				ASSETCATALOG_COMPILER_GLOBAL_ACCENT_COLOR_NAME = AccentColor;
				CODE_SIGN_STYLE = Automatic;
				DEVELOPMENT_TEAM = Z9GA5RZ6RJ;
				INFOPLIST_FILE = ExcerciseCats/Info.plist;
				LD_RUNPATH_SEARCH_PATHS = (
					"$(inherited)",
					"@executable_path/Frameworks",
				);
				PRODUCT_BUNDLE_IDENTIFIER = com.gamesmith.ExcerciseCats;
				PRODUCT_NAME = "$(TARGET_NAME)";
				SWIFT_VERSION = 5.0;
				TARGETED_DEVICE_FAMILY = "1,2";
			};
			name = Release;
		};
		7D2C588225E3405C001B5847 /* Debug */ = {
			isa = XCBuildConfiguration;
			buildSettings = {
				ALWAYS_EMBED_SWIFT_STANDARD_LIBRARIES = YES;
				BUNDLE_LOADER = "$(TEST_HOST)";
				CODE_SIGN_STYLE = Automatic;
				DEVELOPMENT_TEAM = Z9GA5RZ6RJ;
				INFOPLIST_FILE = ExcerciseCatsTests/Info.plist;
				IPHONEOS_DEPLOYMENT_TARGET = 14.4;
				LD_RUNPATH_SEARCH_PATHS = (
					"$(inherited)",
					"@executable_path/Frameworks",
					"@loader_path/Frameworks",
				);
				PRODUCT_BUNDLE_IDENTIFIER = com.gamesmith.ExcerciseCatsTests;
				PRODUCT_NAME = "$(TARGET_NAME)";
				SWIFT_VERSION = 5.0;
				TARGETED_DEVICE_FAMILY = "1,2";
				TEST_HOST = "$(BUILT_PRODUCTS_DIR)/ExcerciseCats.app/ExcerciseCats";
			};
			name = Debug;
		};
		7D2C588325E3405C001B5847 /* Release */ = {
			isa = XCBuildConfiguration;
			buildSettings = {
				ALWAYS_EMBED_SWIFT_STANDARD_LIBRARIES = YES;
				BUNDLE_LOADER = "$(TEST_HOST)";
				CODE_SIGN_STYLE = Automatic;
				DEVELOPMENT_TEAM = Z9GA5RZ6RJ;
				INFOPLIST_FILE = ExcerciseCatsTests/Info.plist;
				IPHONEOS_DEPLOYMENT_TARGET = 14.4;
				LD_RUNPATH_SEARCH_PATHS = (
					"$(inherited)",
					"@executable_path/Frameworks",
					"@loader_path/Frameworks",
				);
				PRODUCT_BUNDLE_IDENTIFIER = com.gamesmith.ExcerciseCatsTests;
				PRODUCT_NAME = "$(TARGET_NAME)";
				SWIFT_VERSION = 5.0;
				TARGETED_DEVICE_FAMILY = "1,2";
				TEST_HOST = "$(BUILT_PRODUCTS_DIR)/ExcerciseCats.app/ExcerciseCats";
			};
			name = Release;
		};
		7D2C588525E3405C001B5847 /* Debug */ = {
			isa = XCBuildConfiguration;
			buildSettings = {
				ALWAYS_EMBED_SWIFT_STANDARD_LIBRARIES = YES;
				CODE_SIGN_STYLE = Automatic;
				DEVELOPMENT_TEAM = Z9GA5RZ6RJ;
				INFOPLIST_FILE = ExcerciseCatsUITests/Info.plist;
				LD_RUNPATH_SEARCH_PATHS = (
					"$(inherited)",
					"@executable_path/Frameworks",
					"@loader_path/Frameworks",
				);
				PRODUCT_BUNDLE_IDENTIFIER = com.gamesmith.ExcerciseCatsUITests;
				PRODUCT_NAME = "$(TARGET_NAME)";
				SWIFT_VERSION = 5.0;
				TARGETED_DEVICE_FAMILY = "1,2";
				TEST_TARGET_NAME = ExcerciseCats;
			};
			name = Debug;
		};
		7D2C588625E3405C001B5847 /* Release */ = {
			isa = XCBuildConfiguration;
			buildSettings = {
				ALWAYS_EMBED_SWIFT_STANDARD_LIBRARIES = YES;
				CODE_SIGN_STYLE = Automatic;
				DEVELOPMENT_TEAM = Z9GA5RZ6RJ;
				INFOPLIST_FILE = ExcerciseCatsUITests/Info.plist;
				LD_RUNPATH_SEARCH_PATHS = (
					"$(inherited)",
					"@executable_path/Frameworks",
					"@loader_path/Frameworks",
				);
				PRODUCT_BUNDLE_IDENTIFIER = com.gamesmith.ExcerciseCatsUITests;
				PRODUCT_NAME = "$(TARGET_NAME)";
				SWIFT_VERSION = 5.0;
				TARGETED_DEVICE_FAMILY = "1,2";
				TEST_TARGET_NAME = ExcerciseCats;
			};
			name = Release;
		};
/* End XCBuildConfiguration section */

/* Begin XCConfigurationList section */
		7D2C584F25E3405C001B5847 /* Build configuration list for PBXProject "ExcerciseCats" */ = {
			isa = XCConfigurationList;
			buildConfigurations = (
				7D2C587C25E3405C001B5847 /* Debug */,
				7D2C587D25E3405C001B5847 /* Release */,
			);
			defaultConfigurationIsVisible = 0;
			defaultConfigurationName = Release;
		};
		7D2C587E25E3405C001B5847 /* Build configuration list for PBXNativeTarget "ExcerciseCats" */ = {
			isa = XCConfigurationList;
			buildConfigurations = (
				7D2C587F25E3405C001B5847 /* Debug */,
				7D2C588025E3405C001B5847 /* Release */,
			);
			defaultConfigurationIsVisible = 0;
			defaultConfigurationName = Release;
		};
		7D2C588125E3405C001B5847 /* Build configuration list for PBXNativeTarget "ExcerciseCatsTests" */ = {
			isa = XCConfigurationList;
			buildConfigurations = (
				7D2C588225E3405C001B5847 /* Debug */,
				7D2C588325E3405C001B5847 /* Release */,
			);
			defaultConfigurationIsVisible = 0;
			defaultConfigurationName = Release;
		};
		7D2C588425E3405C001B5847 /* Build configuration list for PBXNativeTarget "ExcerciseCatsUITests" */ = {
			isa = XCConfigurationList;
			buildConfigurations = (
				7D2C588525E3405C001B5847 /* Debug */,
				7D2C588625E3405C001B5847 /* Release */,
			);
			defaultConfigurationIsVisible = 0;
			defaultConfigurationName = Release;
		};
/* End XCConfigurationList section */
	};
	rootObject = 7D2C584C25E3405C001B5847 /* Project object */;
}
